
Microsoft Visual Studio Solution File, Format Version 12.00
# Visual Studio 15
VisualStudioVersion = 15.0.27004.2002
MinimumVisualStudioVersion = 10.0.40219.1
Project("{8BC9CEB8-8B4A-11D0-8D11-00A0C91BC942}") = "Problem1-2-1_FindAbsoluteValue", "Problem1-2-1_FindAbsoluteValue\Problem1-2-1_FindAbsoluteValue.vcxproj", "{CC94110D-401D-4B17-A2CD-E530C4CC0B35}"
EndProject
Global
	GlobalSection(SolutionConfigurationPlatforms) = preSolution
		Debug|x64 = Debug|x64
		Debug|x86 = Debug|x86
		Release|x64 = Release|x64
		Release|x86 = Release|x86
	EndGlobalSection
	GlobalSection(ProjectConfigurationPlatforms) = postSolution
		{CC94110D-401D-4B17-A2CD-E530C4CC0B35}.Debug|x64.ActiveCfg = Debug|x64
		{CC94110D-401D-4B17-A2CD-E530C4CC0B35}.Debug|x64.Build.0 = Debug|x64
		{CC94110D-401D-4B17-A2CD-E530C4CC0B35}.Debug|x86.ActiveCfg = Debug|Win32
		{CC94110D-401D-4B17-A2CD-E530C4CC0B35}.Debug|x86.Build.0 = Debug|Win32
		{CC94110D-401D-4B17-A2CD-E530C4CC0B35}.Release|x64.ActiveCfg = Release|x64
		{CC94110D-401D-4B17-A2CD-E530C4CC0B35}.Release|x64.Build.0 = Release|x64
		{CC94110D-401D-4B17-A2CD-E530C4CC0B35}.Release|x86.ActiveCfg = Release|Win32
		{CC94110D-401D-4B17-A2CD-E530C4CC0B35}.Release|x86.Build.0 = Release|Win32
	EndGlobalSection
	GlobalSection(SolutionProperties) = preSolution
		HideSolutionNode = FALSE
	EndGlobalSection
	GlobalSection(ExtensibilityGlobals) = postSolution
		SolutionGuid = {967582E8-EE66-43C2-BBC1-4FBC40B415AA}
	EndGlobalSection
EndGlobal
